# THIS IS AN AUTOGENERATED FILE. DO NOT EDIT THIS FILE DIRECTLY.
# yarn lockfile v1


jsmidgen@^0.1.5:
  version "0.1.5"
  resolved "https://registry.yarnpkg.com/jsmidgen/-/jsmidgen-0.1.5.tgz#ad0afd6375eb12f51064025393ce3baec380585d"

tone@^0.12.80:
  version "0.12.80"
  resolved "https://registry.yarnpkg.com/tone/-/tone-0.12.80.tgz#9a40fca603d02e189251db772ef6c7bf082e6c28"
